
Microsoft Visual Studio Solution File, Format Version 12.00
# Visual Studio Version 17
VisualStudioVersion = 17.7.34031.279
MinimumVisualStudioVersion = 10.0.40219.1
Project("{9A19103F-16F7-4668-BE54-9A1E7A4F7556}") = "AY.DNF.GMTool", "AY.DNF.GMTool\AY.DNF.GMTool.csproj", "{0ECCC9CD-68EF-4E1A-B553-94C9012D1CD6}"
EndProject
Project("{9A19103F-16F7-4668-BE54-9A1E7A4F7556}") = "AY.DNF.GMTool.Db", "AY.DNF.GMTool.Db\AY.DNF.GMTool.Db.csproj", "{4B70CF5A-06F4-41A4-89A3-7F974DFEB857}"
EndProject
Project("{9A19103F-16F7-4668-BE54-9A1E7A4F7556}") = "AY.DNF.GMTool.BubbleTimer", "AY.DNF.GMTool.BubbleTimer\AY.DNF.GMTool.BubbleTimer.csproj", "{AC80DDEF-8114-4438-BD4D-30F22F3502D7}"
EndProject
Project("{9A19103F-16F7-4668-BE54-9A1E7A4F7556}") = "AY.DNF.GMTool.SuperTool", "AY.DNF.GMTool.SuperTool\AY.DNF.GMTool.SuperTool.csproj", "{EF4D85D1-80AD-4EEA-B47A-431BF102445C}"
EndProject
Project("{9A19103F-16F7-4668-BE54-9A1E7A4F7556}") = "AY.DNF.GMTool.Postal", "AY.DNF.GMTool.Postal\AY.DNF.GMTool.Postal.csproj", "{AB5177C0-65E6-49DA-8FA3-CE89124A1D41}"
EndProject
Project("{FAE04EC0-301F-11D3-BF4B-00C04F79EFBC}") = "AY.DNF.GMTool.Pvf", "AY.DNF.GMTool.Pvf\AY.DNF.GMTool.Pvf.csproj", "{15A7B7B6-F6B9-4D3D-9387-846ACD2E6BC5}"
EndProject
Global
	GlobalSection(SolutionConfigurationPlatforms) = preSolution
		Debug|Any CPU = Debug|Any CPU
		Release|Any CPU = Release|Any CPU
	EndGlobalSection
	GlobalSection(ProjectConfigurationPlatforms) = postSolution
		{0ECCC9CD-68EF-4E1A-B553-94C9012D1CD6}.Debug|Any CPU.ActiveCfg = Debug|Any CPU
		{0ECCC9CD-68EF-4E1A-B553-94C9012D1CD6}.Debug|Any CPU.Build.0 = Debug|Any CPU
		{0ECCC9CD-68EF-4E1A-B553-94C9012D1CD6}.Release|Any CPU.ActiveCfg = Release|Any CPU
		{0ECCC9CD-68EF-4E1A-B553-94C9012D1CD6}.Release|Any CPU.Build.0 = Release|Any CPU
		{4B70CF5A-06F4-41A4-89A3-7F974DFEB857}.Debug|Any CPU.ActiveCfg = Debug|Any CPU
		{4B70CF5A-06F4-41A4-89A3-7F974DFEB857}.Debug|Any CPU.Build.0 = Debug|Any CPU
		{4B70CF5A-06F4-41A4-89A3-7F974DFEB857}.Release|Any CPU.ActiveCfg = Release|Any CPU
		{4B70CF5A-06F4-41A4-89A3-7F974DFEB857}.Release|Any CPU.Build.0 = Release|Any CPU
		{AC80DDEF-8114-4438-BD4D-30F22F3502D7}.Debug|Any CPU.ActiveCfg = Debug|Any CPU
		{AC80DDEF-8114-4438-BD4D-30F22F3502D7}.Debug|Any CPU.Build.0 = Debug|Any CPU
		{AC80DDEF-8114-4438-BD4D-30F22F3502D7}.Release|Any CPU.ActiveCfg = Release|Any CPU
		{AC80DDEF-8114-4438-BD4D-30F22F3502D7}.Release|Any CPU.Build.0 = Release|Any CPU
		{EF4D85D1-80AD-4EEA-B47A-431BF102445C}.Debug|Any CPU.ActiveCfg = Debug|Any CPU
		{EF4D85D1-80AD-4EEA-B47A-431BF102445C}.Debug|Any CPU.Build.0 = Debug|Any CPU
		{EF4D85D1-80AD-4EEA-B47A-431BF102445C}.Release|Any CPU.ActiveCfg = Release|Any CPU
		{EF4D85D1-80AD-4EEA-B47A-431BF102445C}.Release|Any CPU.Build.0 = Release|Any CPU
		{AB5177C0-65E6-49DA-8FA3-CE89124A1D41}.Debug|Any CPU.ActiveCfg = Debug|Any CPU
		{AB5177C0-65E6-49DA-8FA3-CE89124A1D41}.Debug|Any CPU.Build.0 = Debug|Any CPU
		{AB5177C0-65E6-49DA-8FA3-CE89124A1D41}.Release|Any CPU.ActiveCfg = Release|Any CPU
		{AB5177C0-65E6-49DA-8FA3-CE89124A1D41}.Release|Any CPU.Build.0 = Release|Any CPU
		{15A7B7B6-F6B9-4D3D-9387-846ACD2E6BC5}.Debug|Any CPU.ActiveCfg = Debug|Any CPU
		{15A7B7B6-F6B9-4D3D-9387-846ACD2E6BC5}.Debug|Any CPU.Build.0 = Debug|Any CPU
		{15A7B7B6-F6B9-4D3D-9387-846ACD2E6BC5}.Release|Any CPU.ActiveCfg = Release|Any CPU
		{15A7B7B6-F6B9-4D3D-9387-846ACD2E6BC5}.Release|Any CPU.Build.0 = Release|Any CPU
	EndGlobalSection
	GlobalSection(SolutionProperties) = preSolution
		HideSolutionNode = FALSE
	EndGlobalSection
	GlobalSection(ExtensibilityGlobals) = postSolution
		SolutionGuid = {1EAAF3CF-7DF9-446B-AFE0-8A558EFFF46E}
	EndGlobalSection
EndGlobal
